PODS:
  - Flutter (1.0.0)
  - integration_test (0.0.1):
    - Flutter
  - sirikit_media_intents (0.3.1):
    - Flutter

DEPENDENCIES:
  - Flutter (from `Flutter`)
  - integration_test (from `.symlinks/plugins/integration_test/ios`)
  - sirikit_media_intents (from `.symlinks/plugins/sirikit_media_intents/ios`)

EXTERNAL SOURCES:
  Flutter:
    :path: Flutter
  integration_test:
    :path: ".symlinks/plugins/integration_test/ios"
  sirikit_media_intents:
    :path: ".symlinks/plugins/sirikit_media_intents/ios"

SPEC CHECKSUMS:
  Flutter: e0871f40cf51350855a761d2e70bf5af5b9b5de7
  integration_test: 252f60fa39af5e17c3aa9899d35d908a0721b573
  sirikit_media_intents: 1cd216b7f51c37859e09d88ffe4490c158c1f789

PODFILE CHECKSUM: 1b50a4280f44a231b37f858aebc2a001225decec

COCOAPODS: 1.16.2
